
Microsoft Visual Studio Solution File, Format Version 12.00
# Visual Studio 15
VisualStudioVersion = 15.0.28307.539
MinimumVisualStudioVersion = 10.0.40219.1
Project("{FAE04EC0-301F-11D3-BF4B-00C04F79EFBC}") = "WpfApp1", "WpfApp1\WpfApp1.csproj", "{949D1F1D-7EDA-4373-8120-404382237F5C}"
EndProject
Global
	GlobalSection(SolutionConfigurationPlatforms) = preSolution
		Debug|Any CPU = Debug|Any CPU
		Release|Any CPU = Release|Any CPU
	EndGlobalSection
	GlobalSection(ProjectConfigurationPlatforms) = postSolution
		{949D1F1D-7EDA-4373-8120-404382237F5C}.Debug|Any CPU.ActiveCfg = Debug|Any CPU
		{949D1F1D-7EDA-4373-8120-404382237F5C}.Debug|Any CPU.Build.0 = Debug|Any CPU
		{949D1F1D-7EDA-4373-8120-404382237F5C}.Release|Any CPU.ActiveCfg = Release|Any CPU
		{949D1F1D-7EDA-4373-8120-404382237F5C}.Release|Any CPU.Build.0 = Release|Any CPU
	EndGlobalSection
	GlobalSection(SolutionProperties) = preSolution
		HideSolutionNode = FALSE
	EndGlobalSection
	GlobalSection(ExtensibilityGlobals) = postSolution
		SolutionGuid = {5537A2F1-60B6-40DE-947F-36A204FE2A11}
	EndGlobalSection
EndGlobal
